
Microsoft Visual Studio Solution File, Format Version 12.00
# Visual Studio Version 17
VisualStudioVersion = 17.1.32407.343
MinimumVisualStudioVersion = 10.0.40219.1
Project("{FAE04EC0-301F-11D3-BF4B-00C04F79EFBC}") = "cloudtech_wbl", "cloudtech_wbl.csproj", "{096E5684-35CD-48AC-89CC-AF6CA8AF430D}"
EndProject
Global
	GlobalSection(SolutionConfigurationPlatforms) = preSolution
		Debug|Any CPU = Debug|Any CPU
		Release|Any CPU = Release|Any CPU
	EndGlobalSection
	GlobalSection(ProjectConfigurationPlatforms) = postSolution
		{096E5684-35CD-48AC-89CC-AF6CA8AF430D}.Debug|Any CPU.ActiveCfg = Debug|Any CPU
		{096E5684-35CD-48AC-89CC-AF6CA8AF430D}.Debug|Any CPU.Build.0 = Debug|Any CPU
		{096E5684-35CD-48AC-89CC-AF6CA8AF430D}.Release|Any CPU.ActiveCfg = Release|Any CPU
		{096E5684-35CD-48AC-89CC-AF6CA8AF430D}.Release|Any CPU.Build.0 = Release|Any CPU
	EndGlobalSection
	GlobalSection(SolutionProperties) = preSolution
		HideSolutionNode = FALSE
	EndGlobalSection
	GlobalSection(ExtensibilityGlobals) = postSolution
		SolutionGuid = {0AA5C570-7F56-462A-8A60-8A98989E7D11}
	EndGlobalSection
EndGlobal
